// !$*UTF8*$!
{
	archiveVersion = 1;
	classes = {
	};
	objectVersion = 50;
	objects = {

/* Begin PBXBuildFile section */
		F4400D192533ABE80095977C /* MainModel.swift in Sources */ = {isa = PBXBuildFile; fileRef = F4400D182533ABE80095977C /* MainModel.swift */; };
		F4400D1C2533ABF60095977C /* MapModel.swift in Sources */ = {isa = PBXBuildFile; fileRef = F4400D1B2533ABF60095977C /* MapModel.swift */; };
		F4400D282533B8900095977C /* MapViewModel.swift in Sources */ = {isa = PBXBuildFile; fileRef = F4400D272533B8900095977C /* MapViewModel.swift */; };
		F4400D2B2533BBE50095977C /* StopWatch.swift in Sources */ = {isa = PBXBuildFile; fileRef = F4400D2A2533BBE50095977C /* StopWatch.swift */; };
		F4A456A8252F6FFC007EB8AF /* AppDelegate.swift in Sources */ = {isa = PBXBuildFile; fileRef = F4A456A7252F6FFC007EB8AF /* AppDelegate.swift */; };
		F4A456AA252F6FFC007EB8AF /* SceneDelegate.swift in Sources */ = {isa = PBXBuildFile; fileRef = F4A456A9252F6FFC007EB8AF /* SceneDelegate.swift */; };
		F4A456AC252F6FFC007EB8AF /* MainView.swift in Sources */ = {isa = PBXBuildFile; fileRef = F4A456AB252F6FFC007EB8AF /* MainView.swift */; };
		F4A456AE252F6FFD007EB8AF /* Assets.xcassets in Resources */ = {isa = PBXBuildFile; fileRef = F4A456AD252F6FFD007EB8AF /* Assets.xcassets */; };
		F4A456B1252F6FFD007EB8AF /* Preview Assets.xcassets in Resources */ = {isa = PBXBuildFile; fileRef = F4A456B0252F6FFD007EB8AF /* Preview Assets.xcassets */; };
		F4A456B4252F6FFD007EB8AF /* LaunchScreen.storyboard in Resources */ = {isa = PBXBuildFile; fileRef = F4A456B2252F6FFD007EB8AF /* LaunchScreen.storyboard */; };
		F4A456BE252F8DB0007EB8AF /* MapView.swift in Sources */ = {isa = PBXBuildFile; fileRef = F4A456BD252F8DB0007EB8AF /* MapView.swift */; };
		F4D22AC02533A5950087D5E6 /* Extentions.swift in Sources */ = {isa = PBXBuildFile; fileRef = F4D22ABF2533A5950087D5E6 /* Extentions.swift */; };
		F4E5A9BF25378B8D005D917D /* FinalMapView.swift in Sources */ = {isa = PBXBuildFile; fileRef = F4E5A9BE25378B8D005D917D /* FinalMapView.swift */; };
/* End PBXBuildFile section */

/* Begin PBXFileReference section */
		F4400D182533ABE80095977C /* MainModel.swift */ = {isa = PBXFileReference; lastKnownFileType = sourcecode.swift; path = MainModel.swift; sourceTree = "<group>"; };
		F4400D1B2533ABF60095977C /* MapModel.swift */ = {isa = PBXFileReference; lastKnownFileType = sourcecode.swift; path = MapModel.swift; sourceTree = "<group>"; };
		F4400D272533B8900095977C /* MapViewModel.swift */ = {isa = PBXFileReference; lastKnownFileType = sourcecode.swift; path = MapViewModel.swift; sourceTree = "<group>"; };
		F4400D2A2533BBE50095977C /* StopWatch.swift */ = {isa = PBXFileReference; lastKnownFileType = sourcecode.swift; path = StopWatch.swift; sourceTree = "<group>"; };
		F4A456A4252F6FFC007EB8AF /* treacker.app */ = {isa = PBXFileReference; explicitFileType = wrapper.application; includeInIndex = 0; path = treacker.app; sourceTree = BUILT_PRODUCTS_DIR; };
		F4A456A7252F6FFC007EB8AF /* AppDelegate.swift */ = {isa = PBXFileReference; lastKnownFileType = sourcecode.swift; path = AppDelegate.swift; sourceTree = "<group>"; };
		F4A456A9252F6FFC007EB8AF /* SceneDelegate.swift */ = {isa = PBXFileReference; lastKnownFileType = sourcecode.swift; path = SceneDelegate.swift; sourceTree = "<group>"; };
		F4A456AB252F6FFC007EB8AF /* MainView.swift */ = {isa = PBXFileReference; lastKnownFileType = sourcecode.swift; path = MainView.swift; sourceTree = "<group>"; };
		F4A456AD252F6FFD007EB8AF /* Assets.xcassets */ = {isa = PBXFileReference; lastKnownFileType = folder.assetcatalog; path = Assets.xcassets; sourceTree = "<group>"; };
		F4A456B0252F6FFD007EB8AF /* Preview Assets.xcassets */ = {isa = PBXFileReference; lastKnownFileType = folder.assetcatalog; path = "Preview Assets.xcassets"; sourceTree = "<group>"; };
		F4A456B3252F6FFD007EB8AF /* Base */ = {isa = PBXFileReference; lastKnownFileType = file.storyboard; name = Base; path = Base.lproj/LaunchScreen.storyboard; sourceTree = "<group>"; };
		F4A456B5252F6FFD007EB8AF /* Info.plist */ = {isa = PBXFileReference; lastKnownFileType = text.plist.xml; path = Info.plist; sourceTree = "<group>"; };
		F4A456BD252F8DB0007EB8AF /* MapView.swift */ = {isa = PBXFileReference; lastKnownFileType = sourcecode.swift; path = MapView.swift; sourceTree = "<group>"; };
		F4D22ABF2533A5950087D5E6 /* Extentions.swift */ = {isa = PBXFileReference; lastKnownFileType = sourcecode.swift; path = Extentions.swift; sourceTree = "<group>"; };
		F4E5A9BE25378B8D005D917D /* FinalMapView.swift */ = {isa = PBXFileReference; lastKnownFileType = sourcecode.swift; path = FinalMapView.swift; sourceTree = "<group>"; };
/* End PBXFileReference section */

/* Begin PBXFrameworksBuildPhase section */
		F4A456A1252F6FFC007EB8AF /* Frameworks */ = {
			isa = PBXFrameworksBuildPhase;
			buildActionMask = 2147483647;
			files = (
			);
			runOnlyForDeploymentPostprocessing = 0;
		};
/* End PBXFrameworksBuildPhase section */

/* Begin PBXGroup section */
		F4400D212533B0B30095977C /* MainInfo */ = {
			isa = PBXGroup;
			children = (
				F4A456AB252F6FFC007EB8AF /* MainView.swift */,
				F4400D2A2533BBE50095977C /* StopWatch.swift */,
				F4400D182533ABE80095977C /* MainModel.swift */,
			);
			path = MainInfo;
			sourceTree = "<group>";
		};
		F4400D232533B0C30095977C /* Map */ = {
			isa = PBXGroup;
			children = (
				F4E5A9BE25378B8D005D917D /* FinalMapView.swift */,
				F4A456BD252F8DB0007EB8AF /* MapView.swift */,
				F4400D272533B8900095977C /* MapViewModel.swift */,
				F4400D1B2533ABF60095977C /* MapModel.swift */,
			);
			path = Map;
			sourceTree = "<group>";
		};
		F4A4569B252F6FFC007EB8AF = {
			isa = PBXGroup;
			children = (
				F4A456A6252F6FFC007EB8AF /* treacker */,
				F4A456A5252F6FFC007EB8AF /* Products */,
			);
			sourceTree = "<group>";
		};
		F4A456A5252F6FFC007EB8AF /* Products */ = {
			isa = PBXGroup;
			children = (
				F4A456A4252F6FFC007EB8AF /* treacker.app */,
			);
			name = Products;
			sourceTree = "<group>";
		};
		F4A456A6252F6FFC007EB8AF /* treacker */ = {
			isa = PBXGroup;
			children = (
				F4400D212533B0B30095977C /* MainInfo */,
				F4400D232533B0C30095977C /* Map */,
				F4D22ABF2533A5950087D5E6 /* Extentions.swift */,
				F4A456AD252F6FFD007EB8AF /* Assets.xcassets */,
				F4A456A7252F6FFC007EB8AF /* AppDelegate.swift */,
				F4A456A9252F6FFC007EB8AF /* SceneDelegate.swift */,
				F4A456B2252F6FFD007EB8AF /* LaunchScreen.storyboard */,
				F4A456B5252F6FFD007EB8AF /* Info.plist */,
				F4A456AF252F6FFD007EB8AF /* Preview Content */,
			);
			path = treacker;
			sourceTree = "<group>";
		};
		F4A456AF252F6FFD007EB8AF /* Preview Content */ = {
			isa = PBXGroup;
			children = (
				F4A456B0252F6FFD007EB8AF /* Preview Assets.xcassets */,
			);
			path = "Preview Content";
			sourceTree = "<group>";
		};
/* End PBXGroup section */

/* Begin PBXNativeTarget section */
		F4A456A3252F6FFC007EB8AF /* treacker */ = {
			isa = PBXNativeTarget;
			buildConfigurationList = F4A456B8252F6FFD007EB8AF /* Build configuration list for PBXNativeTarget "treacker" */;
			buildPhases = (
				F4A456A0252F6FFC007EB8AF /* Sources */,
				F4A456A1252F6FFC007EB8AF /* Frameworks */,
				F4A456A2252F6FFC007EB8AF /* Resources */,
			);
			buildRules = (
			);
			dependencies = (
			);
			name = treacker;
			productName = treacker;
			productReference = F4A456A4252F6FFC007EB8AF /* treacker.app */;
			productType = "com.apple.product-type.application";
		};
/* End PBXNativeTarget section */

/* Begin PBXProject section */
		F4A4569C252F6FFC007EB8AF /* Project object */ = {
			isa = PBXProject;
			attributes = {
				LastSwiftUpdateCheck = 1170;
				LastUpgradeCheck = 1200;
				ORGANIZATIONNAME = "Константин Емельянов";
				TargetAttributes = {
					F4A456A3252F6FFC007EB8AF = {
						CreatedOnToolsVersion = 11.7;
					};
				};
			};
			buildConfigurationList = F4A4569F252F6FFC007EB8AF /* Build configuration list for PBXProject "treacker" */;
			compatibilityVersion = "Xcode 9.3";
			developmentRegion = en;
			hasScannedForEncodings = 0;
			knownRegions = (
				en,
				Base,
			);
			mainGroup = F4A4569B252F6FFC007EB8AF;
			productRefGroup = F4A456A5252F6FFC007EB8AF /* Products */;
			projectDirPath = "";
			projectRoot = "";
			targets = (
				F4A456A3252F6FFC007EB8AF /* treacker */,
			);
		};
/* End PBXProject section */

/* Begin PBXResourcesBuildPhase section */
		F4A456A2252F6FFC007EB8AF /* Resources */ = {
			isa = PBXResourcesBuildPhase;
			buildActionMask = 2147483647;
			files = (
				F4A456B4252F6FFD007EB8AF /* LaunchScreen.storyboard in Resources */,
				F4A456B1252F6FFD007EB8AF /* Preview Assets.xcassets in Resources */,
				F4A456AE252F6FFD007EB8AF /* Assets.xcassets in Resources */,
			);
			runOnlyForDeploymentPostprocessing = 0;
		};
/* End PBXResourcesBuildPhase section */

/* Begin PBXSourcesBuildPhase section */
		F4A456A0252F6FFC007EB8AF /* Sources */ = {
			isa = PBXSourcesBuildPhase;
			buildActionMask = 2147483647;
			files = (
				F4A456A8252F6FFC007EB8AF /* AppDelegate.swift in Sources */,
				F4A456BE252F8DB0007EB8AF /* MapView.swift in Sources */,
				F4400D192533ABE80095977C /* MainModel.swift in Sources */,
				F4D22AC02533A5950087D5E6 /* Extentions.swift in Sources */,
				F4E5A9BF25378B8D005D917D /* FinalMapView.swift in Sources */,
				F4400D1C2533ABF60095977C /* MapModel.swift in Sources */,
				F4A456AA252F6FFC007EB8AF /* SceneDelegate.swift in Sources */,
				F4A456AC252F6FFC007EB8AF /* MainView.swift in Sources */,
				F4400D2B2533BBE50095977C /* StopWatch.swift in Sources */,
				F4400D282533B8900095977C /* MapViewModel.swift in Sources */,
			);
			runOnlyForDeploymentPostprocessing = 0;
		};
/* End PBXSourcesBuildPhase section */

/* Begin PBXVariantGroup section */
		F4A456B2252F6FFD007EB8AF /* LaunchScreen.storyboard */ = {
			isa = PBXVariantGroup;
			children = (
				F4A456B3252F6FFD007EB8AF /* Base */,
			);
			name = LaunchScreen.storyboard;
			sourceTree = "<group>";
		};
/* End PBXVariantGroup section */

/* Begin XCBuildConfiguration section */
		F4A456B6252F6FFD007EB8AF /* Debug */ = {
			isa = XCBuildConfiguration;
			buildSettings = {
				ALWAYS_SEARCH_USER_PATHS = NO;
				CLANG_ANALYZER_NONNULL = YES;
				CLANG_ANALYZER_NUMBER_OBJECT_CONVERSION = YES_AGGRESSIVE;
				CLANG_CXX_LANGUAGE_STANDARD = "gnu++14";
				CLANG_CXX_LIBRARY = "libc++";
				CLANG_ENABLE_MODULES = YES;
				CLANG_ENABLE_OBJC_ARC = YES;
				CLANG_ENABLE_OBJC_WEAK = YES;
				CLANG_WARN_BLOCK_CAPTURE_AUTORELEASING = YES;
				CLANG_WARN_BOOL_CONVERSION = YES;
				CLANG_WARN_COMMA = YES;
				CLANG_WARN_CONSTANT_CONVERSION = YES;
				CLANG_WARN_DEPRECATED_OBJC_IMPLEMENTATIONS = YES;
				CLANG_WARN_DIRECT_OBJC_ISA_USAGE = YES_ERROR;
				CLANG_WARN_DOCUMENTATION_COMMENTS = YES;
				CLANG_WARN_EMPTY_BODY = YES;
				CLANG_WARN_ENUM_CONVERSION = YES;
				CLANG_WARN_INFINITE_RECURSION = YES;
				CLANG_WARN_INT_CONVERSION = YES;
				CLANG_WARN_NON_LITERAL_NULL_CONVERSION = YES;
				CLANG_WARN_OBJC_IMPLICIT_RETAIN_SELF = YES;
				CLANG_WARN_OBJC_LITERAL_CONVERSION = YES;
				CLANG_WARN_OBJC_ROOT_CLASS = YES_ERROR;
				CLANG_WARN_QUOTED_INCLUDE_IN_FRAMEWORK_HEADER = YES;
				CLANG_WARN_RANGE_LOOP_ANALYSIS = YES;
				CLANG_WARN_STRICT_PROTOTYPES = YES;
				CLANG_WARN_SUSPICIOUS_MOVE = YES;
				CLANG_WARN_UNGUARDED_AVAILABILITY = YES_AGGRESSIVE;
				CLANG_WARN_UNREACHABLE_CODE = YES;
				CLANG_WARN__DUPLICATE_METHOD_MATCH = YES;
				COPY_PHASE_STRIP = NO;
				DEBUG_INFORMATION_FORMAT = dwarf;
				ENABLE_STRICT_OBJC_MSGSEND = YES;
				ENABLE_TESTABILITY = YES;
				GCC_C_LANGUAGE_STANDARD = gnu11;
				GCC_DYNAMIC_NO_PIC = NO;
				GCC_NO_COMMON_BLOCKS = YES;
				GCC_OPTIMIZATION_LEVEL = 0;
				GCC_PREPROCESSOR_DEFINITIONS = (
					"DEBUG=1",
					"$(inherited)",
				);
				GCC_WARN_64_TO_32_BIT_CONVERSION = YES;
				GCC_WARN_ABOUT_RETURN_TYPE = YES_ERROR;
				GCC_WARN_UNDECLARED_SELECTOR = YES;
				GCC_WARN_UNINITIALIZED_AUTOS = YES_AGGRESSIVE;
				GCC_WARN_UNUSED_FUNCTION = YES;
				GCC_WARN_UNUSED_VARIABLE = YES;
				IPHONEOS_DEPLOYMENT_TARGET = 13.7;
				MTL_ENABLE_DEBUG_INFO = INCLUDE_SOURCE;
				MTL_FAST_MATH = YES;
				ONLY_ACTIVE_ARCH = YES;
				SDKROOT = iphoneos;
				SWIFT_ACTIVE_COMPILATION_CONDITIONS = DEBUG;
				SWIFT_OPTIMIZATION_LEVEL = "-Onone";
			};
			name = Debug;
		};
		F4A456B7252F6FFD007EB8AF /* Release */ = {
			isa = XCBuildConfiguration;
			buildSettings = {
				ALWAYS_SEARCH_USER_PATHS = NO;
				CLANG_ANALYZER_NONNULL = YES;
				CLANG_ANALYZER_NUMBER_OBJECT_CONVERSION = YES_AGGRESSIVE;
				CLANG_CXX_LANGUAGE_STANDARD = "gnu++14";
				CLANG_CXX_LIBRARY = "libc++";
				CLANG_ENABLE_MODULES = YES;
				CLANG_ENABLE_OBJC_ARC = YES;
				CLANG_ENABLE_OBJC_WEAK = YES;
				CLANG_WARN_BLOCK_CAPTURE_AUTORELEASING = YES;
				CLANG_WARN_BOOL_CONVERSION = YES;
				CLANG_WARN_COMMA = YES;
				CLANG_WARN_CONSTANT_CONVERSION = YES;
				CLANG_WARN_DEPRECATED_OBJC_IMPLEMENTATIONS = YES;
				CLANG_WARN_DIRECT_OBJC_ISA_USAGE = YES_ERROR;
				CLANG_WARN_DOCUMENTATION_COMMENTS = YES;
				CLANG_WARN_EMPTY_BODY = YES;
				CLANG_WARN_ENUM_CONVERSION = YES;
				CLANG_WARN_INFINITE_RECURSION = YES;
				CLANG_WARN_INT_CONVERSION = YES;
				CLANG_WARN_NON_LITERAL_NULL_CONVERSION = YES;
				CLANG_WARN_OBJC_IMPLICIT_RETAIN_SELF = YES;
				CLANG_WARN_OBJC_LITERAL_CONVERSION = YES;
				CLANG_WARN_OBJC_ROOT_CLASS = YES_ERROR;
				CLANG_WARN_QUOTED_INCLUDE_IN_FRAMEWORK_HEADER = YES;
				CLANG_WARN_RANGE_LOOP_ANALYSIS = YES;
				CLANG_WARN_STRICT_PROTOTYPES = YES;
				CLANG_WARN_SUSPICIOUS_MOVE = YES;
				CLANG_WARN_UNGUARDED_AVAILABILITY = YES_AGGRESSIVE;
				CLANG_WARN_UNREACHABLE_CODE = YES;
				CLANG_WARN__DUPLICATE_METHOD_MATCH = YES;
				COPY_PHASE_STRIP = NO;
				DEBUG_INFORMATION_FORMAT = "dwarf-with-dsym";
				ENABLE_NS_ASSERTIONS = NO;
				ENABLE_STRICT_OBJC_MSGSEND = YES;
				GCC_C_LANGUAGE_STANDARD = gnu11;
				GCC_NO_COMMON_BLOCKS = YES;
				GCC_WARN_64_TO_32_BIT_CONVERSION = YES;
				GCC_WARN_ABOUT_RETURN_TYPE = YES_ERROR;
				GCC_WARN_UNDECLARED_SELECTOR = YES;
				GCC_WARN_UNINITIALIZED_AUTOS = YES_AGGRESSIVE;
				GCC_WARN_UNUSED_FUNCTION = YES;
				GCC_WARN_UNUSED_VARIABLE = YES;
				IPHONEOS_DEPLOYMENT_TARGET = 13.7;
				MTL_ENABLE_DEBUG_INFO = NO;
				MTL_FAST_MATH = YES;
				SDKROOT = iphoneos;
				SWIFT_COMPILATION_MODE = wholemodule;
				SWIFT_OPTIMIZATION_LEVEL = "-O";
				VALIDATE_PRODUCT = YES;
			};
			name = Release;
		};
		F4A456B9252F6FFD007EB8AF /* Debug */ = {
			isa = XCBuildConfiguration;
			buildSettings = {
				ASSETCATALOG_COMPILER_APPICON_NAME = AppIcon;
				CODE_SIGN_STYLE = Automatic;
				CURRENT_PROJECT_VERSION = 2;
				DEVELOPMENT_ASSET_PATHS = "\"treacker/Preview Content\"";
				DEVELOPMENT_TEAM = 3A9536C2AF;
				ENABLE_PREVIEWS = YES;
				INFOPLIST_FILE = treacker/Info.plist;
				IPHONEOS_DEPLOYMENT_TARGET = 14.0;
				LD_RUNPATH_SEARCH_PATHS = (
					"$(inherited)",
					"@executable_path/Frameworks",
				);
				PRODUCT_BUNDLE_IDENTIFIER = LeplaSak.treacker;
				PRODUCT_NAME = "$(TARGET_NAME)";
				SWIFT_VERSION = 5.0;
				TARGETED_DEVICE_FAMILY = 1;
			};
			name = Debug;
		};
		F4A456BA252F6FFD007EB8AF /* Release */ = {
			isa = XCBuildConfiguration;
			buildSettings = {
				ASSETCATALOG_COMPILER_APPICON_NAME = AppIcon;
				CODE_SIGN_STYLE = Automatic;
				CURRENT_PROJECT_VERSION = 2;
				DEVELOPMENT_ASSET_PATHS = "\"treacker/Preview Content\"";
				DEVELOPMENT_TEAM = 3A9536C2AF;
				ENABLE_PREVIEWS = YES;
				INFOPLIST_FILE = treacker/Info.plist;
				IPHONEOS_DEPLOYMENT_TARGET = 14.0;
				LD_RUNPATH_SEARCH_PATHS = (
					"$(inherited)",
					"@executable_path/Frameworks",
				);
				PRODUCT_BUNDLE_IDENTIFIER = LeplaSak.treacker;
				PRODUCT_NAME = "$(TARGET_NAME)";
				SWIFT_VERSION = 5.0;
				TARGETED_DEVICE_FAMILY = 1;
			};
			name = Release;
		};
/* End XCBuildConfiguration section */

/* Begin XCConfigurationList section */
		F4A4569F252F6FFC007EB8AF /* Build configuration list for PBXProject "treacker" */ = {
			isa = XCConfigurationList;
			buildConfigurations = (
				F4A456B6252F6FFD007EB8AF /* Debug */,
				F4A456B7252F6FFD007EB8AF /* Release */,
			);
			defaultConfigurationIsVisible = 0;
			defaultConfigurationName = Release;
		};
		F4A456B8252F6FFD007EB8AF /* Build configuration list for PBXNativeTarget "treacker" */ = {
			isa = XCConfigurationList;
			buildConfigurations = (
				F4A456B9252F6FFD007EB8AF /* Debug */,
				F4A456BA252F6FFD007EB8AF /* Release */,
			);
			defaultConfigurationIsVisible = 0;
			defaultConfigurationName = Release;
		};
/* End XCConfigurationList section */
	};
	rootObject = F4A4569C252F6FFC007EB8AF /* Project object */;
}
